
Microsoft Visual Studio Solution File, Format Version 12.00
# Visual Studio 2013
VisualStudioVersion = 12.0.31101.0
MinimumVisualStudioVersion = 10.0.40219.1
Project("{9092AA53-FB77-4645-B42D-1CCCA6BD08BD}") = "meetupml", "meetupml.njsproj", "{4AE5D894-1115-435A-A34C-41DBA679BCB1}"
EndProject
Project("{00D1A9C2-B5F0-4AF3-8072-F6C62B433612}") = "Database", "Database\Database.sqlproj", "{95C554DB-6537-4428-9107-C8BEE1F23D9A}"
EndProject
Global
	GlobalSection(SolutionConfigurationPlatforms) = preSolution
		Debug|Any CPU = Debug|Any CPU
		Release|Any CPU = Release|Any CPU
	EndGlobalSection
	GlobalSection(ProjectConfigurationPlatforms) = postSolution
		{4AE5D894-1115-435A-A34C-41DBA679BCB1}.Debug|Any CPU.ActiveCfg = Debug|Any CPU
		{4AE5D894-1115-435A-A34C-41DBA679BCB1}.Debug|Any CPU.Build.0 = Debug|Any CPU
		{4AE5D894-1115-435A-A34C-41DBA679BCB1}.Release|Any CPU.ActiveCfg = Release|Any CPU
		{4AE5D894-1115-435A-A34C-41DBA679BCB1}.Release|Any CPU.Build.0 = Release|Any CPU
		{95C554DB-6537-4428-9107-C8BEE1F23D9A}.Debug|Any CPU.ActiveCfg = Debug|Any CPU
		{95C554DB-6537-4428-9107-C8BEE1F23D9A}.Debug|Any CPU.Build.0 = Debug|Any CPU
		{95C554DB-6537-4428-9107-C8BEE1F23D9A}.Debug|Any CPU.Deploy.0 = Debug|Any CPU
		{95C554DB-6537-4428-9107-C8BEE1F23D9A}.Release|Any CPU.ActiveCfg = Release|Any CPU
		{95C554DB-6537-4428-9107-C8BEE1F23D9A}.Release|Any CPU.Build.0 = Release|Any CPU
		{95C554DB-6537-4428-9107-C8BEE1F23D9A}.Release|Any CPU.Deploy.0 = Release|Any CPU
	EndGlobalSection
	GlobalSection(SolutionProperties) = preSolution
		HideSolutionNode = FALSE
	EndGlobalSection
EndGlobal
